
Microsoft Visual Studio Solution File, Format Version 12.00
# Visual Studio 14
VisualStudioVersion = 14.0.25420.1
MinimumVisualStudioVersion = 10.0.40219.1
Project("{FAE04EC0-301F-11D3-BF4B-00C04F79EFBC}") = "WFClient", "WFClient\WFClient.csproj", "{41EC9453-9987-4367-9FC8-3950662902BE}"
EndProject
Global
	GlobalSection(SolutionConfigurationPlatforms) = preSolution
		Debug|Any CPU = Debug|Any CPU
		Release|Any CPU = Release|Any CPU
	EndGlobalSection
	GlobalSection(ProjectConfigurationPlatforms) = postSolution
		{41EC9453-9987-4367-9FC8-3950662902BE}.Debug|Any CPU.ActiveCfg = Debug|Any CPU
		{41EC9453-9987-4367-9FC8-3950662902BE}.Debug|Any CPU.Build.0 = Debug|Any CPU
		{41EC9453-9987-4367-9FC8-3950662902BE}.Release|Any CPU.ActiveCfg = Release|Any CPU
		{41EC9453-9987-4367-9FC8-3950662902BE}.Release|Any CPU.Build.0 = Release|Any CPU
	EndGlobalSection
	GlobalSection(SolutionProperties) = preSolution
		HideSolutionNode = FALSE
	EndGlobalSection
EndGlobal
